FORGE
  remote: https://forgeapi.puppetlabs.com
  specs:
    camptocamp-augeas (1.4.2)
      puppetlabs-stdlib (< 5.0.0, >= 3.2.0)
    jhoblitt-sysstat (1.1.0)
    maestrodev-wget (1.7.3)
    pltraining-dirtree (0.2.2)
    puppetlabs-stdlib (4.12.0)
    puppetlabs-vcsrepo (1.2.0)
    stahnma-epel (1.2.2)
      puppetlabs-stdlib (>= 3.0.0)

GIT
  remote: https://github.com/lsst-sqre/puppet-lsststack.git
  ref: e3104440ac41df040fff299dc44e9fef9128b3b3
  sha: e3104440ac41df040fff299dc44e9fef9128b3b3
  specs:
    lsstsqre-lsststack (0.1.0)
      maestrodev-wget (< 1.8.0, >= 1.7.3)
      puppetlabs-stdlib (< 5.0.0, >= 4.6.0)
      puppetlabs-vcsrepo (< 1.3.0, >= 1.2.0)

GIT
  remote: https://github.com/pbyrne413/puppet-sudo
  ref: 30feebf655c4966b96ae328c40c1a2dc144c2e66
  sha: 30feebf655c4966b96ae328c40c1a2dc144c2e66
  specs:
    saz-sudo (3.0.10)
      puppetlabs-stdlib (< 5.0.0, >= 2.3.0)

DEPENDENCIES
  camptocamp-augeas (~> 1.4)
  jhoblitt-sysstat (~> 1.1)
  lsstsqre-lsststack (>= 0)
  maestrodev-wget (~> 1.7)
  pltraining-dirtree (~> 0.2.2)
  puppetlabs-stdlib (>= 0)
  saz-sudo (>= 0)
  stahnma-epel (~> 1.1)

