FORGE
  remote: https://forgeapi.puppetlabs.com
  specs:
    camptocamp-augeas (1.4.2)
      puppetlabs-stdlib (< 5.0.0, >= 3.2.0)
    jhoblitt-sysstat (1.1.0)
    maestrodev-wget (1.7.1)
    pltraining-dirtree (0.2.2)
    puppetlabs-stdlib (4.9.0)
    puppetlabs-vcsrepo (1.2.0)
    stahnma-epel (1.1.1)

GIT
  remote: https://github.com/jhoblitt/puppet-lsststack.git
  ref: e23c5f0a735263376548fba1bbf9e3f1e264bea7
  sha: e23c5f0a735263376548fba1bbf9e3f1e264bea7
  specs:
    jhoblitt-lsststack (0.1.0)
      maestrodev-wget (< 1.8.0, >= 1.7.0)
      puppetlabs-stdlib (< 5.0.0, >= 4.6.0)
      puppetlabs-vcsrepo (< 1.3.0, >= 1.2.0)

DEPENDENCIES
  camptocamp-augeas (~> 1.4)
  jhoblitt-lsststack (>= 0)
  jhoblitt-sysstat (~> 1.1)
  maestrodev-wget (~> 1.7)
  pltraining-dirtree (~> 0.2.2)
  puppetlabs-stdlib (>= 0)
  stahnma-epel (~> 1.1)

